
Microsoft Visual Studio Solution File, Format Version 12.00
# Visual Studio Version 17
VisualStudioVersion = 17.9.34714.143
MinimumVisualStudioVersion = 10.0.40219.1
Project("{9A19103F-16F7-4668-BE54-9A1E7A4F7556}") = "MainAplikasi", "MainAplikasi\MainAplikasi.csproj", "{55A57841-CABB-4188-9072-96E5D09B9995}"
EndProject
Project("{9A19103F-16F7-4668-BE54-9A1E7A4F7556}") = "Entities", "Entities\Entities.csproj", "{99D9FFE7-8294-453D-BE98-98F9D14501B0}"
EndProject
Project("{9A19103F-16F7-4668-BE54-9A1E7A4F7556}") = "Contracts", "Contracts\Contracts.csproj", "{53015921-C519-4D5E-9146-330A10D0D40B}"
EndProject
Project("{9A19103F-16F7-4668-BE54-9A1E7A4F7556}") = "MainAplikasi.Presentation", "Presentation\MainAplikasi.Presentation.csproj", "{2B7B90AE-43BC-4B2A-8C7B-54B9F2C47381}"
EndProject
Project("{9A19103F-16F7-4668-BE54-9A1E7A4F7556}") = "LoggerService", "LoggerService\LoggerService.csproj", "{BF84072A-0827-4153-B929-F4252E7DFE90}"
EndProject
Global
	GlobalSection(SolutionConfigurationPlatforms) = preSolution
		Debug|Any CPU = Debug|Any CPU
		Release|Any CPU = Release|Any CPU
	EndGlobalSection
	GlobalSection(ProjectConfigurationPlatforms) = postSolution
		{55A57841-CABB-4188-9072-96E5D09B9995}.Debug|Any CPU.ActiveCfg = Debug|Any CPU
		{55A57841-CABB-4188-9072-96E5D09B9995}.Debug|Any CPU.Build.0 = Debug|Any CPU
		{55A57841-CABB-4188-9072-96E5D09B9995}.Release|Any CPU.ActiveCfg = Release|Any CPU
		{55A57841-CABB-4188-9072-96E5D09B9995}.Release|Any CPU.Build.0 = Release|Any CPU
		{99D9FFE7-8294-453D-BE98-98F9D14501B0}.Debug|Any CPU.ActiveCfg = Debug|Any CPU
		{99D9FFE7-8294-453D-BE98-98F9D14501B0}.Debug|Any CPU.Build.0 = Debug|Any CPU
		{99D9FFE7-8294-453D-BE98-98F9D14501B0}.Release|Any CPU.ActiveCfg = Release|Any CPU
		{99D9FFE7-8294-453D-BE98-98F9D14501B0}.Release|Any CPU.Build.0 = Release|Any CPU
		{53015921-C519-4D5E-9146-330A10D0D40B}.Debug|Any CPU.ActiveCfg = Debug|Any CPU
		{53015921-C519-4D5E-9146-330A10D0D40B}.Debug|Any CPU.Build.0 = Debug|Any CPU
		{53015921-C519-4D5E-9146-330A10D0D40B}.Release|Any CPU.ActiveCfg = Release|Any CPU
		{53015921-C519-4D5E-9146-330A10D0D40B}.Release|Any CPU.Build.0 = Release|Any CPU
		{2B7B90AE-43BC-4B2A-8C7B-54B9F2C47381}.Debug|Any CPU.ActiveCfg = Debug|Any CPU
		{2B7B90AE-43BC-4B2A-8C7B-54B9F2C47381}.Debug|Any CPU.Build.0 = Debug|Any CPU
		{2B7B90AE-43BC-4B2A-8C7B-54B9F2C47381}.Release|Any CPU.ActiveCfg = Release|Any CPU
		{2B7B90AE-43BC-4B2A-8C7B-54B9F2C47381}.Release|Any CPU.Build.0 = Release|Any CPU
		{BF84072A-0827-4153-B929-F4252E7DFE90}.Debug|Any CPU.ActiveCfg = Debug|Any CPU
		{BF84072A-0827-4153-B929-F4252E7DFE90}.Debug|Any CPU.Build.0 = Debug|Any CPU
		{BF84072A-0827-4153-B929-F4252E7DFE90}.Release|Any CPU.ActiveCfg = Release|Any CPU
		{BF84072A-0827-4153-B929-F4252E7DFE90}.Release|Any CPU.Build.0 = Release|Any CPU
	EndGlobalSection
	GlobalSection(SolutionProperties) = preSolution
		HideSolutionNode = FALSE
	EndGlobalSection
	GlobalSection(ExtensibilityGlobals) = postSolution
		SolutionGuid = {B08A4E07-33A8-40C9-9775-C01200257AF2}
	EndGlobalSection
EndGlobal
